// !$*UTF8*$!
{
	archiveVersion = 1;
	classes = {
	};
	objectVersion = 46;
	objects = {
/* Begin PBXBuildFile section */
		858B842D18CA22B800AB12DE /* InfoPlist.strings in Resources */ = {isa = PBXBuildFile; fileRef = 858B833A18CA111C00AB12DE /* InfoPlist.strings */; };
		CD45EE7C18DC2D5800FB50C0 /* app in Resources */ = {isa = PBXBuildFile; fileRef = CD45EE7A18DC2D5800FB50C0 /* app */; };
		CD62955D1BB2678900AE3A93 /* main.m in Sources */ = {isa = PBXBuildFile; fileRef = CD62955C1BB2678900AE3A93 /* main.m */; };
		FF26B091BEF340CDA49AE2F4 /* Default-568h@2x.png in Resources */ = {isa = PBXBuildFile; fileRef = BF8BC557EDB24B6DBAEADAFD /* Default-568h@2x.png */; };
		F9B5C18E91EB432CA4365351 /* Default-667h@2x.png in Resources */ = {isa = PBXBuildFile; fileRef = 7135E7CFCE4F4BC78753E185 /* Default-667h@2x.png */; };
		66FF6C2A76F64308B3BC2338 /* Default-736h@3x.png in Resources */ = {isa = PBXBuildFile; fileRef = 01D5987EE5174C8BA7A7FEB9 /* Default-736h@3x.png */; };
		CA11598212FA4B2C81735237 /* Default-Landscape-568h@2x.png in Resources */ = {isa = PBXBuildFile; fileRef = CC317E489E5B42E6B5B605D4 /* Default-Landscape-568h@2x.png */; };
		0C4BDFEC6A594087808A138A /* Default-Landscape-667h@2x.png in Resources */ = {isa = PBXBuildFile; fileRef = 19873BA5449E42FDACEF1047 /* Default-Landscape-667h@2x.png */; };
		C0AD68DE7B5440E7BB96E9BB /* Default-Landscape.png in Resources */ = {isa = PBXBuildFile; fileRef = 201A1783B94E4ABC8D549D14 /* Default-Landscape.png */; };
		0B3135FF38AF41C8AB72920E /* Default-Landscape@2x.png in Resources */ = {isa = PBXBuildFile; fileRef = 505D65C6C3F046939582A9DA /* Default-Landscape@2x.png */; };
		E91D9D4B59AD4F8290C9EE94 /* Default-Landscape@3x.png in Resources */ = {isa = PBXBuildFile; fileRef = 5F4E83DAC2A444B7809696B2 /* Default-Landscape@3x.png */; };
		AC079B927E674A4C90AA95C3 /* Default-Portrait.png in Resources */ = {isa = PBXBuildFile; fileRef = E0F6A8A78C51408996AF2384 /* Default-Portrait.png */; };
		DDB54ACF5BD843B2827DC11F /* Default-Portrait@2x.png in Resources */ = {isa = PBXBuildFile; fileRef = 8E6642624618456481DBF11C /* Default-Portrait@2x.png */; };
		813F8F7D63134A36A76A004D /* Default.png in Resources */ = {isa = PBXBuildFile; fileRef = D3D0BFF6C72141BAB978A1ED /* Default.png */; };
		DE026A5AD8014FDB9911B428 /* Default@2x.png in Resources */ = {isa = PBXBuildFile; fileRef = EDE22A60AAE44227B16B1BB9 /* Default@2x.png */; };
		16EA17EAAEED47558647BB3B /* Icon-Small-50.png in Resources */ = {isa = PBXBuildFile; fileRef = B8D5EE13A85440D1B2B851E8 /* Icon-Small-50.png */; };
		6AC1C37A717C45FF8266A1D2 /* Icon-Small-50@2x.png in Resources */ = {isa = PBXBuildFile; fileRef = A1DE28E7BBC44D50BB05731D /* Icon-Small-50@2x.png */; };
		17DF07EF16DB48E48C66F748 /* Icon-Small.png in Resources */ = {isa = PBXBuildFile; fileRef = 97A49AFEB2284DB1B49C0CB8 /* Icon-Small.png */; };
		C4889931B236495B834D52F7 /* Icon-Small@2x.png in Resources */ = {isa = PBXBuildFile; fileRef = 34FA13537B184CD6AA2D8B03 /* Icon-Small@2x.png */; };
		0C1F1F4149A84ED3B65E75D2 /* icon-40.png in Resources */ = {isa = PBXBuildFile; fileRef = 807389EC8BA14F418BE4445A /* icon-40.png */; };
		ADDAED939C164461AA25FDD8 /* icon-40@2x.png in Resources */ = {isa = PBXBuildFile; fileRef = 8B71B7C98C324223A0473B25 /* icon-40@2x.png */; };
		A4272636B6D6459E9DE4678C /* icon-60.png in Resources */ = {isa = PBXBuildFile; fileRef = B2032A72DBA547D8AEFBE9ED /* icon-60.png */; };
		856E2EF595D94E1A874AD3D7 /* icon-60@2x.png in Resources */ = {isa = PBXBuildFile; fileRef = 2A9B57A78C7B47CD915686DC /* icon-60@2x.png */; };
		5D4AFF6036D144B1AE677F2D /* icon-72.png in Resources */ = {isa = PBXBuildFile; fileRef = 4EF353D738734814B185D19D /* icon-72.png */; };
		43D2351B87854FE9861B828D /* icon-72@2x.png in Resources */ = {isa = PBXBuildFile; fileRef = B1B6557BF5A64DB38080DE02 /* icon-72@2x.png */; };
		90737E624BBF417FA38070DE /* icon-76.png in Resources */ = {isa = PBXBuildFile; fileRef = CD437DCF0FA944B98450721B /* icon-76.png */; };
		F6908E06749A4B6B9109B113 /* icon-76@2x.png in Resources */ = {isa = PBXBuildFile; fileRef = 20C5DF8A57254D0DBFE2EED8 /* icon-76@2x.png */; };
		BF3ACD4C65E7467D9C2C7E3E /* icon.png in Resources */ = {isa = PBXBuildFile; fileRef = B95B5FCA710E41E5BD6E6D60 /* icon.png */; };
		BCBFE73DA7E14178A73205A7 /* icon@2x.png in Resources */ = {isa = PBXBuildFile; fileRef = 428B220CB2204CA381AA7CB8 /* icon@2x.png */; };
/* End PBXBuildFile section */

/* Begin PBXCopyFilesBuildPhase section */
		85F5BDFC1A9363BE006B9701 /* Embed Frameworks */ = {
			isa = PBXCopyFilesBuildPhase;
			buildActionMask = 2147483647;
			dstPath = "";
			dstSubfolderSpec = 10;
			files = (
			);
			name = "Embed Frameworks";
			runOnlyForDeploymentPostprocessing = 0;
		};
/* End PBXCopyFilesBuildPhase section */

/* Begin PBXFileReference section */
		858B832E18CA111C00AB12DE /* calculator.app */ = {isa = PBXFileReference; explicitFileType = wrapper.application; includeInIndex = 0; path = calculator.app; sourceTree = BUILT_PRODUCTS_DIR; };
		858B833918CA111C00AB12DE /* calculator-Info.plist */ = {isa = PBXFileReference; lastKnownFileType = text.plist.xml; path = "calculator-Info.plist"; sourceTree = "<group>"; };
		858B833B18CA111C00AB12DE /* en */ = {isa = PBXFileReference; lastKnownFileType = text.plist.strings; name = en; path = en.lproj/InfoPlist.strings; sourceTree = "<group>"; };
		858B833F18CA111C00AB12DE /* calculator-Prefix.pch */ = {isa = PBXFileReference; lastKnownFileType = sourcecode.c.h; path = "calculator-Prefix.pch"; sourceTree = "<group>"; };
		858B843318CA22B800AB12DE /* calculator.app */ = {isa = PBXFileReference; explicitFileType = wrapper.application; includeInIndex = 0; path = calculator.app; sourceTree = BUILT_PRODUCTS_DIR; };
		CD45EE7A18DC2D5800FB50C0 /* app */ = {isa = PBXFileReference; lastKnownFileType = folder; path = app; sourceTree = "<group>"; };
		CD62955C1BB2678900AE3A93 /* main.m */ = {isa = PBXFileReference; fileEncoding = 4; lastKnownFileType = sourcecode.c.objc; name = main.m; path = internal/main.m; sourceTree = SOURCE_ROOT; };
		CDD59A261BB43B5D00EC2671 /* build-debug.xcconfig */ = {isa = PBXFileReference; fileEncoding = 4; lastKnownFileType = text.xcconfig; path = "build-debug.xcconfig"; sourceTree = "<group>"; };
		CDD59A271BB43B5D00EC2671 /* build-release.xcconfig */ = {isa = PBXFileReference; fileEncoding = 4; lastKnownFileType = text.xcconfig; path = "build-release.xcconfig"; sourceTree = "<group>"; };
		CDF4743E1BA4855C0087EA85 /* build.xcconfig */ = {isa = PBXFileReference; fileEncoding = 4; lastKnownFileType = text.xcconfig; path = build.xcconfig; sourceTree = "<group>"; };
		F9B8C6A31ACEDEEB00547416 /* en */ = {isa = PBXFileReference; lastKnownFileType = file.xib; name = en; path = en.lproj/LaunchScreen.xib; sourceTree = "<group>"; };
		BF8BC557EDB24B6DBAEADAFD /* Default-568h@2x.png */ = {isa = PBXFileReference; lastKnownFileType = image.png; name = "Default-568h@2x.png"; path = "calculator/Resources/Default-568h@2x.png"; sourceTree = "<group>"; };
		7135E7CFCE4F4BC78753E185 /* Default-667h@2x.png */ = {isa = PBXFileReference; lastKnownFileType = image.png; name = "Default-667h@2x.png"; path = "calculator/Resources/Default-667h@2x.png"; sourceTree = "<group>"; };
		01D5987EE5174C8BA7A7FEB9 /* Default-736h@3x.png */ = {isa = PBXFileReference; lastKnownFileType = image.png; name = "Default-736h@3x.png"; path = "calculator/Resources/Default-736h@3x.png"; sourceTree = "<group>"; };
		CC317E489E5B42E6B5B605D4 /* Default-Landscape-568h@2x.png */ = {isa = PBXFileReference; lastKnownFileType = image.png; name = "Default-Landscape-568h@2x.png"; path = "calculator/Resources/Default-Landscape-568h@2x.png"; sourceTree = "<group>"; };
		19873BA5449E42FDACEF1047 /* Default-Landscape-667h@2x.png */ = {isa = PBXFileReference; lastKnownFileType = image.png; name = "Default-Landscape-667h@2x.png"; path = "calculator/Resources/Default-Landscape-667h@2x.png"; sourceTree = "<group>"; };
		201A1783B94E4ABC8D549D14 /* Default-Landscape.png */ = {isa = PBXFileReference; lastKnownFileType = image.png; name = "Default-Landscape.png"; path = "calculator/Resources/Default-Landscape.png"; sourceTree = "<group>"; };
		505D65C6C3F046939582A9DA /* Default-Landscape@2x.png */ = {isa = PBXFileReference; lastKnownFileType = image.png; name = "Default-Landscape@2x.png"; path = "calculator/Resources/Default-Landscape@2x.png"; sourceTree = "<group>"; };
		5F4E83DAC2A444B7809696B2 /* Default-Landscape@3x.png */ = {isa = PBXFileReference; lastKnownFileType = image.png; name = "Default-Landscape@3x.png"; path = "calculator/Resources/Default-Landscape@3x.png"; sourceTree = "<group>"; };
		E0F6A8A78C51408996AF2384 /* Default-Portrait.png */ = {isa = PBXFileReference; lastKnownFileType = image.png; name = "Default-Portrait.png"; path = "calculator/Resources/Default-Portrait.png"; sourceTree = "<group>"; };
		8E6642624618456481DBF11C /* Default-Portrait@2x.png */ = {isa = PBXFileReference; lastKnownFileType = image.png; name = "Default-Portrait@2x.png"; path = "calculator/Resources/Default-Portrait@2x.png"; sourceTree = "<group>"; };
		D3D0BFF6C72141BAB978A1ED /* Default.png */ = {isa = PBXFileReference; lastKnownFileType = image.png; name = Default.png; path = "calculator/Resources/Default.png"; sourceTree = "<group>"; };
		EDE22A60AAE44227B16B1BB9 /* Default@2x.png */ = {isa = PBXFileReference; lastKnownFileType = image.png; name = "Default@2x.png"; path = "calculator/Resources/Default@2x.png"; sourceTree = "<group>"; };
		B8D5EE13A85440D1B2B851E8 /* Icon-Small-50.png */ = {isa = PBXFileReference; lastKnownFileType = image.png; name = "Icon-Small-50.png"; path = "calculator/Resources/Icon-Small-50.png"; sourceTree = "<group>"; };
		A1DE28E7BBC44D50BB05731D /* Icon-Small-50@2x.png */ = {isa = PBXFileReference; lastKnownFileType = image.png; name = "Icon-Small-50@2x.png"; path = "calculator/Resources/Icon-Small-50@2x.png"; sourceTree = "<group>"; };
		97A49AFEB2284DB1B49C0CB8 /* Icon-Small.png */ = {isa = PBXFileReference; lastKnownFileType = image.png; name = "Icon-Small.png"; path = "calculator/Resources/Icon-Small.png"; sourceTree = "<group>"; };
		34FA13537B184CD6AA2D8B03 /* Icon-Small@2x.png */ = {isa = PBXFileReference; lastKnownFileType = image.png; name = "Icon-Small@2x.png"; path = "calculator/Resources/Icon-Small@2x.png"; sourceTree = "<group>"; };
		807389EC8BA14F418BE4445A /* icon-40.png */ = {isa = PBXFileReference; lastKnownFileType = image.png; name = "icon-40.png"; path = "calculator/Resources/icon-40.png"; sourceTree = "<group>"; };
		8B71B7C98C324223A0473B25 /* icon-40@2x.png */ = {isa = PBXFileReference; lastKnownFileType = image.png; name = "icon-40@2x.png"; path = "calculator/Resources/icon-40@2x.png"; sourceTree = "<group>"; };
		B2032A72DBA547D8AEFBE9ED /* icon-60.png */ = {isa = PBXFileReference; lastKnownFileType = image.png; name = "icon-60.png"; path = "calculator/Resources/icon-60.png"; sourceTree = "<group>"; };
		2A9B57A78C7B47CD915686DC /* icon-60@2x.png */ = {isa = PBXFileReference; lastKnownFileType = image.png; name = "icon-60@2x.png"; path = "calculator/Resources/icon-60@2x.png"; sourceTree = "<group>"; };
		4EF353D738734814B185D19D /* icon-72.png */ = {isa = PBXFileReference; lastKnownFileType = image.png; name = "icon-72.png"; path = "calculator/Resources/icon-72.png"; sourceTree = "<group>"; };
		B1B6557BF5A64DB38080DE02 /* icon-72@2x.png */ = {isa = PBXFileReference; lastKnownFileType = image.png; name = "icon-72@2x.png"; path = "calculator/Resources/icon-72@2x.png"; sourceTree = "<group>"; };
		CD437DCF0FA944B98450721B /* icon-76.png */ = {isa = PBXFileReference; lastKnownFileType = image.png; name = "icon-76.png"; path = "calculator/Resources/icon-76.png"; sourceTree = "<group>"; };
		20C5DF8A57254D0DBFE2EED8 /* icon-76@2x.png */ = {isa = PBXFileReference; lastKnownFileType = image.png; name = "icon-76@2x.png"; path = "calculator/Resources/icon-76@2x.png"; sourceTree = "<group>"; };
		B95B5FCA710E41E5BD6E6D60 /* icon.png */ = {isa = PBXFileReference; lastKnownFileType = image.png; name = icon.png; path = "calculator/Resources/icon.png"; sourceTree = "<group>"; };
		428B220CB2204CA381AA7CB8 /* icon@2x.png */ = {isa = PBXFileReference; lastKnownFileType = image.png; name = "icon@2x.png"; path = "calculator/Resources/icon@2x.png"; sourceTree = "<group>"; };
/* End PBXFileReference section */

/* Begin PBXFrameworksBuildPhase section */
		858B83F418CA22B800AB12DE /* Frameworks */ = {
			isa = PBXFrameworksBuildPhase;
			buildActionMask = 2147483647;
			files = (
			);
			runOnlyForDeploymentPostprocessing = 0;
		};
/* End PBXFrameworksBuildPhase section */

/* Begin PBXGroup section */
		858B832518CA111C00AB12DE = {
			isa = PBXGroup;
			children = (
				E070579D1B39A9D000214BF1 /* Resources */,
				858B833718CA111C00AB12DE /* calculator */,
				858B833018CA111C00AB12DE /* Frameworks */,
				858B832F18CA111C00AB12DE /* Products */,
			);
			sourceTree = "<group>";
		};
		858B832F18CA111C00AB12DE /* Products */ = {
			isa = PBXGroup;
			children = (
				858B832E18CA111C00AB12DE /* calculator.app */,
				858B843318CA22B800AB12DE /* calculator.app */,
			);
			name = Products;
			sourceTree = "<group>";
		};
		858B833018CA111C00AB12DE /* Frameworks */ = {
			isa = PBXGroup;
			children = (
			);
			name = Frameworks;
			sourceTree = "<group>";
		};
		858B833718CA111C00AB12DE /* calculator */ = {
			isa = PBXGroup;
			children = (
				CD45EE7A18DC2D5800FB50C0 /* app */,
				F9B8C6A21ACEDEEB00547416 /* LaunchScreen.xib */,
				858B833818CA111C00AB12DE /* Supporting Files */,
			);
			path = calculator;
			sourceTree = "<group>";
		};
		858B833818CA111C00AB12DE /* Supporting Files */ = {
			isa = PBXGroup;
			children = (
				CDF4743E1BA4855C0087EA85 /* build.xcconfig */,
				CDD59A261BB43B5D00EC2671 /* build-debug.xcconfig */,
				CDD59A271BB43B5D00EC2671 /* build-release.xcconfig */,
				858B833918CA111C00AB12DE /* calculator-Info.plist */,
				858B833A18CA111C00AB12DE /* InfoPlist.strings */,
				CD62955C1BB2678900AE3A93 /* main.m */,
				858B833F18CA111C00AB12DE /* calculator-Prefix.pch */,
			);
			name = "Supporting Files";
			sourceTree = "<group>";
		};
		E070579D1B39A9D000214BF1 /* Resources */ = {
			isa = PBXGroup;
			children = (
				BF8BC557EDB24B6DBAEADAFD /* Default-568h@2x.png */,
				7135E7CFCE4F4BC78753E185 /* Default-667h@2x.png */,
				01D5987EE5174C8BA7A7FEB9 /* Default-736h@3x.png */,
				CC317E489E5B42E6B5B605D4 /* Default-Landscape-568h@2x.png */,
				19873BA5449E42FDACEF1047 /* Default-Landscape-667h@2x.png */,
				201A1783B94E4ABC8D549D14 /* Default-Landscape.png */,
				505D65C6C3F046939582A9DA /* Default-Landscape@2x.png */,
				5F4E83DAC2A444B7809696B2 /* Default-Landscape@3x.png */,
				E0F6A8A78C51408996AF2384 /* Default-Portrait.png */,
				8E6642624618456481DBF11C /* Default-Portrait@2x.png */,
				D3D0BFF6C72141BAB978A1ED /* Default.png */,
				EDE22A60AAE44227B16B1BB9 /* Default@2x.png */,
				B8D5EE13A85440D1B2B851E8 /* Icon-Small-50.png */,
				A1DE28E7BBC44D50BB05731D /* Icon-Small-50@2x.png */,
				97A49AFEB2284DB1B49C0CB8 /* Icon-Small.png */,
				34FA13537B184CD6AA2D8B03 /* Icon-Small@2x.png */,
				807389EC8BA14F418BE4445A /* icon-40.png */,
				8B71B7C98C324223A0473B25 /* icon-40@2x.png */,
				B2032A72DBA547D8AEFBE9ED /* icon-60.png */,
				2A9B57A78C7B47CD915686DC /* icon-60@2x.png */,
				4EF353D738734814B185D19D /* icon-72.png */,
				B1B6557BF5A64DB38080DE02 /* icon-72@2x.png */,
				CD437DCF0FA944B98450721B /* icon-76.png */,
				20C5DF8A57254D0DBFE2EED8 /* icon-76@2x.png */,
				B95B5FCA710E41E5BD6E6D60 /* icon.png */,
				428B220CB2204CA381AA7CB8 /* icon@2x.png */,
			);
			name = Resources;
			sourceTree = "<group>";
		};
/* End PBXGroup section */

/* Begin PBXNativeTarget section */
		858B83EF18CA22B800AB12DE /* calculator */ = {
			isa = PBXNativeTarget;
			buildConfigurationList = 858B843018CA22B800AB12DE /* Build configuration list for PBXNativeTarget "calculator" */;
			buildPhases = (
				C97FD7AC1ADE5369004DB2A4 /* NativeScript PreBuild */,
				858B83F218CA22B800AB12DE /* Sources */,
				CD62955B1BB2651D00AE3A93 /* NativeScript PreLink */,
				858B83F418CA22B800AB12DE /* Frameworks */,
				858B842C18CA22B800AB12DE /* Resources */,
				85F5BDFC1A9363BE006B9701 /* Embed Frameworks */,
				CD3EAD351B05FF060042DBFC /* NativeScript PostBuild */,
			);
			buildRules = (
			);
			dependencies = (
			);
			name = calculator;
			productName = JDBridgeApp;
			productReference = 858B843318CA22B800AB12DE /* calculator.app */;
			productType = "com.apple.product-type.application";
		};
/* End PBXNativeTarget section */

/* Begin PBXProject section */
		858B832618CA111C00AB12DE /* Project object */ = {
			isa = PBXProject;
			attributes = {
				CLASSPREFIX = TNS;
				LastUpgradeCheck = 500;
				ORGANIZATIONNAME = Telerik;
			};
			buildConfigurationList = 858B832918CA111C00AB12DE /* Build configuration list for PBXProject "calculator" */;
			compatibilityVersion = "Xcode 3.2";
			developmentRegion = English;
			hasScannedForEncodings = 0;
			knownRegions = (
				en,
			);
			mainGroup = 858B832518CA111C00AB12DE;
			productRefGroup = 858B832F18CA111C00AB12DE /* Products */;
			projectDirPath = "";
			projectRoot = "";
			targets = (
				858B83EF18CA22B800AB12DE /* calculator */,
			);
		};
/* End PBXProject section */

/* Begin PBXResourcesBuildPhase section */
		858B842C18CA22B800AB12DE /* Resources */ = {
			isa = PBXResourcesBuildPhase;
			buildActionMask = 2147483647;
			files = (
				CD45EE7C18DC2D5800FB50C0 /* app in Resources */,
				858B842D18CA22B800AB12DE /* InfoPlist.strings in Resources */,
				FF26B091BEF340CDA49AE2F4 /* Default-568h@2x.png in Resources */,
				F9B5C18E91EB432CA4365351 /* Default-667h@2x.png in Resources */,
				66FF6C2A76F64308B3BC2338 /* Default-736h@3x.png in Resources */,
				CA11598212FA4B2C81735237 /* Default-Landscape-568h@2x.png in Resources */,
				0C4BDFEC6A594087808A138A /* Default-Landscape-667h@2x.png in Resources */,
				C0AD68DE7B5440E7BB96E9BB /* Default-Landscape.png in Resources */,
				0B3135FF38AF41C8AB72920E /* Default-Landscape@2x.png in Resources */,
				E91D9D4B59AD4F8290C9EE94 /* Default-Landscape@3x.png in Resources */,
				AC079B927E674A4C90AA95C3 /* Default-Portrait.png in Resources */,
				DDB54ACF5BD843B2827DC11F /* Default-Portrait@2x.png in Resources */,
				813F8F7D63134A36A76A004D /* Default.png in Resources */,
				DE026A5AD8014FDB9911B428 /* Default@2x.png in Resources */,
				16EA17EAAEED47558647BB3B /* Icon-Small-50.png in Resources */,
				6AC1C37A717C45FF8266A1D2 /* Icon-Small-50@2x.png in Resources */,
				17DF07EF16DB48E48C66F748 /* Icon-Small.png in Resources */,
				C4889931B236495B834D52F7 /* Icon-Small@2x.png in Resources */,
				0C1F1F4149A84ED3B65E75D2 /* icon-40.png in Resources */,
				ADDAED939C164461AA25FDD8 /* icon-40@2x.png in Resources */,
				A4272636B6D6459E9DE4678C /* icon-60.png in Resources */,
				856E2EF595D94E1A874AD3D7 /* icon-60@2x.png in Resources */,
				5D4AFF6036D144B1AE677F2D /* icon-72.png in Resources */,
				43D2351B87854FE9861B828D /* icon-72@2x.png in Resources */,
				90737E624BBF417FA38070DE /* icon-76.png in Resources */,
				F6908E06749A4B6B9109B113 /* icon-76@2x.png in Resources */,
				BF3ACD4C65E7467D9C2C7E3E /* icon.png in Resources */,
				BCBFE73DA7E14178A73205A7 /* icon@2x.png in Resources */,
			);
			runOnlyForDeploymentPostprocessing = 0;
		};
/* End PBXResourcesBuildPhase section */

/* Begin PBXShellScriptBuildPhase section */
		C97FD7AC1ADE5369004DB2A4 /* NativeScript PreBuild */ = {
			isa = PBXShellScriptBuildPhase;
			buildActionMask = 2147483647;
			files = (
			);
			inputPaths = (
			);
			name = "NativeScript PreBuild";
			outputPaths = (
			);
			runOnlyForDeploymentPostprocessing = 0;
			shellPath = /bin/sh;
			shellScript = "\"$SRCROOT/internal/nativescript-pre-build\"";
			showEnvVarsInLog = 0;
		};
		CD3EAD351B05FF060042DBFC /* NativeScript PostBuild */ = {
			isa = PBXShellScriptBuildPhase;
			buildActionMask = 2147483647;
			files = (
			);
			inputPaths = (
			);
			name = "NativeScript PostBuild";
			outputPaths = (
			);
			runOnlyForDeploymentPostprocessing = 0;
			shellPath = /bin/sh;
			shellScript = "\"$SRCROOT/internal/nativescript-post-build\"";
			showEnvVarsInLog = 0;
		};
		CD62955B1BB2651D00AE3A93 /* NativeScript PreLink */ = {
			isa = PBXShellScriptBuildPhase;
			buildActionMask = 2147483647;
			files = (
			);
			inputPaths = (
			);
			name = "NativeScript PreLink";
			outputPaths = (
			);
			runOnlyForDeploymentPostprocessing = 0;
			shellPath = /bin/sh;
			shellScript = "\"$SRCROOT/internal/nativescript-pre-link\"";
			showEnvVarsInLog = 0;
		};
/* End PBXShellScriptBuildPhase section */

/* Begin PBXSourcesBuildPhase section */
		858B83F218CA22B800AB12DE /* Sources */ = {
			isa = PBXSourcesBuildPhase;
			buildActionMask = 2147483647;
			files = (
				CD62955D1BB2678900AE3A93 /* main.m in Sources */,
			);
			runOnlyForDeploymentPostprocessing = 0;
		};
/* End PBXSourcesBuildPhase section */

/* Begin PBXVariantGroup section */
		858B833A18CA111C00AB12DE /* InfoPlist.strings */ = {
			isa = PBXVariantGroup;
			children = (
				858B833B18CA111C00AB12DE /* en */,
			);
			name = InfoPlist.strings;
			sourceTree = "<group>";
		};
		F9B8C6A21ACEDEEB00547416 /* LaunchScreen.xib */ = {
			isa = PBXVariantGroup;
			children = (
				F9B8C6A31ACEDEEB00547416 /* en */,
			);
			name = LaunchScreen.xib;
			sourceTree = "<group>";
		};
/* End PBXVariantGroup section */

/* Begin XCBuildConfiguration section */
		858B835818CA111C00AB12DE /* Debug */ = {
			isa = XCBuildConfiguration;
			buildSettings = {
				ALWAYS_SEARCH_USER_PATHS = NO;
				ARCHS = "$(ARCHS_STANDARD)";
				CLANG_CXX_LANGUAGE_STANDARD = "gnu++0x";
				CLANG_CXX_LIBRARY = "libc++";
				CLANG_ENABLE_MODULES = YES;
				CLANG_ENABLE_OBJC_ARC = YES;
				CLANG_WARN_BOOL_CONVERSION = YES;
				CLANG_WARN_CONSTANT_CONVERSION = YES;
				CLANG_WARN_DIRECT_OBJC_ISA_USAGE = YES_ERROR;
				CLANG_WARN_EMPTY_BODY = YES;
				CLANG_WARN_ENUM_CONVERSION = YES;
				CLANG_WARN_INT_CONVERSION = YES;
				CLANG_WARN_OBJC_ROOT_CLASS = YES_ERROR;
				CLANG_WARN__DUPLICATE_METHOD_MATCH = YES;
				"CODE_SIGN_IDENTITY[sdk=iphoneos*]" = "iPhone Developer";
				COPY_PHASE_STRIP = NO;
				GCC_C_LANGUAGE_STANDARD = gnu99;
				GCC_DYNAMIC_NO_PIC = NO;
				GCC_OPTIMIZATION_LEVEL = 0;
				GCC_SYMBOLS_PRIVATE_EXTERN = NO;
				GCC_WARN_64_TO_32_BIT_CONVERSION = YES;
				GCC_WARN_ABOUT_RETURN_TYPE = YES_ERROR;
				GCC_WARN_UNDECLARED_SELECTOR = YES;
				GCC_WARN_UNINITIALIZED_AUTOS = YES;
				GCC_WARN_UNUSED_FUNCTION = YES;
				GCC_WARN_UNUSED_VARIABLE = YES;
				IPHONEOS_DEPLOYMENT_TARGET = 7.0;
				ONLY_ACTIVE_ARCH = YES;
				SDKROOT = iphoneos;
				TARGETED_DEVICE_FAMILY = "1,2";
				VALID_ARCHS = "armv7 arm64";
			};
			name = Debug;
		};
		858B835918CA111C00AB12DE /* Release */ = {
			isa = XCBuildConfiguration;
			buildSettings = {
				ALWAYS_SEARCH_USER_PATHS = NO;
				ARCHS = "$(ARCHS_STANDARD)";
				CLANG_CXX_LANGUAGE_STANDARD = "gnu++0x";
				CLANG_CXX_LIBRARY = "libc++";
				CLANG_ENABLE_MODULES = YES;
				CLANG_ENABLE_OBJC_ARC = YES;
				CLANG_WARN_BOOL_CONVERSION = YES;
				CLANG_WARN_CONSTANT_CONVERSION = YES;
				CLANG_WARN_DIRECT_OBJC_ISA_USAGE = YES_ERROR;
				CLANG_WARN_EMPTY_BODY = YES;
				CLANG_WARN_ENUM_CONVERSION = YES;
				CLANG_WARN_INT_CONVERSION = YES;
				CLANG_WARN_OBJC_ROOT_CLASS = YES_ERROR;
				CLANG_WARN__DUPLICATE_METHOD_MATCH = YES;
				"CODE_SIGN_IDENTITY[sdk=iphoneos*]" = "iPhone Developer";
				COPY_PHASE_STRIP = YES;
				ENABLE_NS_ASSERTIONS = NO;
				GCC_C_LANGUAGE_STANDARD = gnu99;
				GCC_WARN_64_TO_32_BIT_CONVERSION = YES;
				GCC_WARN_ABOUT_RETURN_TYPE = YES_ERROR;
				GCC_WARN_UNDECLARED_SELECTOR = YES;
				GCC_WARN_UNINITIALIZED_AUTOS = YES;
				GCC_WARN_UNUSED_FUNCTION = YES;
				GCC_WARN_UNUSED_VARIABLE = YES;
				IPHONEOS_DEPLOYMENT_TARGET = 7.0;
				SDKROOT = iphoneos;
				TARGETED_DEVICE_FAMILY = "1,2";
				VALIDATE_PRODUCT = YES;
				VALID_ARCHS = "armv7 arm64";
			};
			name = Release;
		};
		858B843118CA22B800AB12DE /* Debug */ = {
			isa = XCBuildConfiguration;
			baseConfigurationReference = CDD59A261BB43B5D00EC2671 /* build-debug.xcconfig */;
			buildSettings = {
				ARCHS = "$(ARCHS_STANDARD)";
				CLANG_ENABLE_MODULES = NO;
				CLANG_MODULES_AUTOLINK = NO;
				ENABLE_BITCODE = NO;
				GCC_PRECOMPILE_PREFIX_HEADER = YES;
				GCC_PREFIX_HEADER = "calculator/calculator-Prefix.pch";
				GCC_PREPROCESSOR_DEFINITIONS = (
					"$(inherited)",
					"DEBUG=1",
				);
				INFOPLIST_FILE = "$(SRCROOT)/calculator/calculator-Info.plist";
				LD_RUNPATH_SEARCH_PATHS = "$(inherited) @executable_path/Frameworks";
				PRODUCT_NAME = calculator;
				VALID_ARCHS = "armv7 arm64";
				WRAPPER_EXTENSION = app;
			};
			name = Debug;
		};
		858B843218CA22B800AB12DE /* Release */ = {
			isa = XCBuildConfiguration;
			baseConfigurationReference = CDD59A271BB43B5D00EC2671 /* build-release.xcconfig */;
			buildSettings = {
				ARCHS = "$(ARCHS_STANDARD)";
				CLANG_ENABLE_MODULES = NO;
				CLANG_MODULES_AUTOLINK = NO;
				ENABLE_BITCODE = NO;
				GCC_PRECOMPILE_PREFIX_HEADER = YES;
				GCC_PREFIX_HEADER = "calculator/calculator-Prefix.pch";
				INFOPLIST_FILE = "$(SRCROOT)/calculator/calculator-Info.plist";
				LD_RUNPATH_SEARCH_PATHS = "$(inherited) @executable_path/Frameworks";
				PRODUCT_NAME = calculator;
				VALID_ARCHS = "armv7 arm64";
				WRAPPER_EXTENSION = app;
			};
			name = Release;
		};
/* End XCBuildConfiguration section */

/* Begin XCConfigurationList section */
		858B832918CA111C00AB12DE /* Build configuration list for PBXProject "calculator" */ = {
			isa = XCConfigurationList;
			buildConfigurations = (
				858B835818CA111C00AB12DE /* Debug */,
				858B835918CA111C00AB12DE /* Release */,
			);
			defaultConfigurationIsVisible = 0;
			defaultConfigurationName = Release;
		};
		858B843018CA22B800AB12DE /* Build configuration list for PBXNativeTarget "calculator" */ = {
			isa = XCConfigurationList;
			buildConfigurations = (
				858B843118CA22B800AB12DE /* Debug */,
				858B843218CA22B800AB12DE /* Release */,
			);
			defaultConfigurationIsVisible = 0;
			defaultConfigurationName = Release;
		};
/* End XCConfigurationList section */
	};
	rootObject = 858B832618CA111C00AB12DE /* Project object */;
}
